// !$*UTF8*$!
{
	archiveVersion = 1;
	classes = {
	};
	objectVersion = 50;
	objects = {

/* Begin PBXGroup section */
		CE9ABCD32272B42F000D4CA2 = {
			isa = PBXGroup;
			children = (
			);
			sourceTree = "<group>";
		};
/* End PBXGroup section */

/* Begin PBXProject section */
		CE9ABCD42272B42F000D4CA2 /* Project object */ = {
			isa = PBXProject;
			attributes = {
				LastUpgradeCheck = 1020;
			};
			buildConfigurationList = CE9ABCD72272B42F000D4CA2 /* Build configuration list for PBXProject "fost-swift" */;
			compatibilityVersion = "Xcode 9.3";
			developmentRegion = en;
			hasScannedForEncodings = 0;
			knownRegions = (
				en,
			);
			mainGroup = CE9ABCD32272B42F000D4CA2;
			projectDirPath = "";
			projectRoot = "";
			targets = (
			);
		};
/* End PBXProject section */

/* Begin XCBuildConfiguration section */
		CE9ABCD82272B42F000D4CA2 /* Debug */ = {
			isa = XCBuildConfiguration;
			buildSettings = {
			};
			name = Debug;
		};
		CE9ABCD92272B42F000D4CA2 /* Release */ = {
			isa = XCBuildConfiguration;
			buildSettings = {
			};
			name = Release;
		};
/* End XCBuildConfiguration section */

/* Begin XCConfigurationList section */
		CE9ABCD72272B42F000D4CA2 /* Build configuration list for PBXProject "fost-swift" */ = {
			isa = XCConfigurationList;
			buildConfigurations = (
				CE9ABCD82272B42F000D4CA2 /* Debug */,
				CE9ABCD92272B42F000D4CA2 /* Release */,
			);
			defaultConfigurationIsVisible = 0;
			defaultConfigurationName = Release;
		};
/* End XCConfigurationList section */
	};
	rootObject = CE9ABCD42272B42F000D4CA2 /* Project object */;
}
